{
    "name": "day05_5",
    "version": "1.0.0",
    "lockfileVersion": 3,
    "requires": true,
    "packages": {
        "": {
            "name": "day05_5",
            "version": "1.0.0",
            "license": "ISC",
            "dependencies": {
                "day05_4": "/Users/liyaya/study/rust_study/test01/day05_4/index.node"
            }
        },
        "../day05_4/index.node": {},
        "node_modules/day05_4": {
            "resolved": "../day05_4/index.node",
            "link": true
        }
    }
}
